// !$*UTF8*$!
{
	archiveVersion = 1;
	classes = {
	};
	objectVersion = 50;
	objects = {

/* Begin PBXBuildFile section */
		A4DC2EEF254D93B700F23FB4 /* AppDelegate.swift in Sources */ = {isa = PBXBuildFile; fileRef = A4DC2EEE254D93B700F23FB4 /* AppDelegate.swift */; };
		A4DC2EF1254D93B700F23FB4 /* SceneDelegate.swift in Sources */ = {isa = PBXBuildFile; fileRef = A4DC2EF0254D93B700F23FB4 /* SceneDelegate.swift */; };
		A4DC2EF3254D93B700F23FB4 /* ViewController.swift in Sources */ = {isa = PBXBuildFile; fileRef = A4DC2EF2254D93B700F23FB4 /* ViewController.swift */; };
		A4DC2EF6254D93B700F23FB4 /* Main.storyboard in Resources */ = {isa = PBXBuildFile; fileRef = A4DC2EF4254D93B700F23FB4 /* Main.storyboard */; };
		A4DC2EF9254D93B700F23FB4 /* LittlePink.xcdatamodeld in Sources */ = {isa = PBXBuildFile; fileRef = A4DC2EF7254D93B700F23FB4 /* LittlePink.xcdatamodeld */; };
		A4DC2EFB254D93B700F23FB4 /* Assets.xcassets in Resources */ = {isa = PBXBuildFile; fileRef = A4DC2EFA254D93B700F23FB4 /* Assets.xcassets */; };
		A4DC2EFE254D93B700F23FB4 /* LaunchScreen.storyboard in Resources */ = {isa = PBXBuildFile; fileRef = A4DC2EFC254D93B700F23FB4 /* LaunchScreen.storyboard */; };
/* End PBXBuildFile section */

/* Begin PBXFileReference section */
		A4DC2EEB254D93B700F23FB4 /* LittlePink.app */ = {isa = PBXFileReference; explicitFileType = wrapper.application; includeInIndex = 0; path = LittlePink.app; sourceTree = BUILT_PRODUCTS_DIR; };
		A4DC2EEE254D93B700F23FB4 /* AppDelegate.swift */ = {isa = PBXFileReference; lastKnownFileType = sourcecode.swift; path = AppDelegate.swift; sourceTree = "<group>"; };
		A4DC2EF0254D93B700F23FB4 /* SceneDelegate.swift */ = {isa = PBXFileReference; lastKnownFileType = sourcecode.swift; path = SceneDelegate.swift; sourceTree = "<group>"; };
		A4DC2EF2254D93B700F23FB4 /* ViewController.swift */ = {isa = PBXFileReference; lastKnownFileType = sourcecode.swift; path = ViewController.swift; sourceTree = "<group>"; };
		A4DC2EF5254D93B700F23FB4 /* Base */ = {isa = PBXFileReference; lastKnownFileType = file.storyboard; name = Base; path = Base.lproj/Main.storyboard; sourceTree = "<group>"; };
		A4DC2EF8254D93B700F23FB4 /* LittlePink.xcdatamodel */ = {isa = PBXFileReference; lastKnownFileType = wrapper.xcdatamodel; path = LittlePink.xcdatamodel; sourceTree = "<group>"; };
		A4DC2EFA254D93B700F23FB4 /* Assets.xcassets */ = {isa = PBXFileReference; lastKnownFileType = folder.assetcatalog; path = Assets.xcassets; sourceTree = "<group>"; };
		A4DC2EFD254D93B700F23FB4 /* Base */ = {isa = PBXFileReference; lastKnownFileType = file.storyboard; name = Base; path = Base.lproj/LaunchScreen.storyboard; sourceTree = "<group>"; };
		A4DC2EFF254D93B700F23FB4 /* Info.plist */ = {isa = PBXFileReference; lastKnownFileType = text.plist.xml; path = Info.plist; sourceTree = "<group>"; };
/* End PBXFileReference section */

/* Begin PBXFrameworksBuildPhase section */
		A4DC2EE8254D93B700F23FB4 /* Frameworks */ = {
			isa = PBXFrameworksBuildPhase;
			buildActionMask = 2147483647;
			files = (
			);
			runOnlyForDeploymentPostprocessing = 0;
		};
/* End PBXFrameworksBuildPhase section */

/* Begin PBXGroup section */
		A4DC2EE2254D93B700F23FB4 = {
			isa = PBXGroup;
			children = (
				A4DC2EED254D93B700F23FB4 /* LittlePink */,
				A4DC2EEC254D93B700F23FB4 /* Products */,
			);
			sourceTree = "<group>";
		};
		A4DC2EEC254D93B700F23FB4 /* Products */ = {
			isa = PBXGroup;
			children = (
				A4DC2EEB254D93B700F23FB4 /* LittlePink.app */,
			);
			name = Products;
			sourceTree = "<group>";
		};
		A4DC2EED254D93B700F23FB4 /* LittlePink */ = {
			isa = PBXGroup;
			children = (
				A4DC2EEE254D93B700F23FB4 /* AppDelegate.swift */,
				A4DC2EF0254D93B700F23FB4 /* SceneDelegate.swift */,
				A4DC2EF2254D93B700F23FB4 /* ViewController.swift */,
				A4DC2EF4254D93B700F23FB4 /* Main.storyboard */,
				A4DC2EFA254D93B700F23FB4 /* Assets.xcassets */,
				A4DC2EFC254D93B700F23FB4 /* LaunchScreen.storyboard */,
				A4DC2EFF254D93B700F23FB4 /* Info.plist */,
				A4DC2EF7254D93B700F23FB4 /* LittlePink.xcdatamodeld */,
			);
			path = LittlePink;
			sourceTree = "<group>";
		};
/* End PBXGroup section */

/* Begin PBXNativeTarget section */
		A4DC2EEA254D93B700F23FB4 /* LittlePink */ = {
			isa = PBXNativeTarget;
			buildConfigurationList = A4DC2F02254D93B700F23FB4 /* Build configuration list for PBXNativeTarget "LittlePink" */;
			buildPhases = (
				A4DC2EE7254D93B700F23FB4 /* Sources */,
				A4DC2EE8254D93B700F23FB4 /* Frameworks */,
				A4DC2EE9254D93B700F23FB4 /* Resources */,
			);
			buildRules = (
			);
			dependencies = (
			);
			name = LittlePink;
			productName = LittlePink;
			productReference = A4DC2EEB254D93B700F23FB4 /* LittlePink.app */;
			productType = "com.apple.product-type.application";
		};
/* End PBXNativeTarget section */

/* Begin PBXProject section */
		A4DC2EE3254D93B700F23FB4 /* Project object */ = {
			isa = PBXProject;
			attributes = {
				LastSwiftUpdateCheck = 1210;
				LastUpgradeCheck = 1210;
				TargetAttributes = {
					A4DC2EEA254D93B700F23FB4 = {
						CreatedOnToolsVersion = 12.1;
					};
				};
			};
			buildConfigurationList = A4DC2EE6254D93B700F23FB4 /* Build configuration list for PBXProject "LittlePink" */;
			compatibilityVersion = "Xcode 9.3";
			developmentRegion = en;
			hasScannedForEncodings = 0;
			knownRegions = (
				en,
				Base,
			);
			mainGroup = A4DC2EE2254D93B700F23FB4;
			productRefGroup = A4DC2EEC254D93B700F23FB4 /* Products */;
			projectDirPath = "";
			projectRoot = "";
			targets = (
				A4DC2EEA254D93B700F23FB4 /* LittlePink */,
			);
		};
/* End PBXProject section */

/* Begin PBXResourcesBuildPhase section */
		A4DC2EE9254D93B700F23FB4 /* Resources */ = {
			isa = PBXResourcesBuildPhase;
			buildActionMask = 2147483647;
			files = (
				A4DC2EFE254D93B700F23FB4 /* LaunchScreen.storyboard in Resources */,
				A4DC2EFB254D93B700F23FB4 /* Assets.xcassets in Resources */,
				A4DC2EF6254D93B700F23FB4 /* Main.storyboard in Resources */,
			);
			runOnlyForDeploymentPostprocessing = 0;
		};
/* End PBXResourcesBuildPhase section */

/* Begin PBXSourcesBuildPhase section */
		A4DC2EE7254D93B700F23FB4 /* Sources */ = {
			isa = PBXSourcesBuildPhase;
			buildActionMask = 2147483647;
			files = (
				A4DC2EF3254D93B700F23FB4 /* ViewController.swift in Sources */,
				A4DC2EEF254D93B700F23FB4 /* AppDelegate.swift in Sources */,
				A4DC2EF1254D93B700F23FB4 /* SceneDelegate.swift in Sources */,
				A4DC2EF9254D93B700F23FB4 /* LittlePink.xcdatamodeld in Sources */,
			);
			runOnlyForDeploymentPostprocessing = 0;
		};
/* End PBXSourcesBuildPhase section */

/* Begin PBXVariantGroup section */
		A4DC2EF4254D93B700F23FB4 /* Main.storyboard */ = {
			isa = PBXVariantGroup;
			children = (
				A4DC2EF5254D93B700F23FB4 /* Base */,
			);
			name = Main.storyboard;
			sourceTree = "<group>";
		};
		A4DC2EFC254D93B700F23FB4 /* LaunchScreen.storyboard */ = {
			isa = PBXVariantGroup;
			children = (
				A4DC2EFD254D93B700F23FB4 /* Base */,
			);
			name = LaunchScreen.storyboard;
			sourceTree = "<group>";
		};
/* End PBXVariantGroup section */

/* Begin XCBuildConfiguration section */
		A4DC2F00254D93B700F23FB4 /* Debug */ = {
			isa = XCBuildConfiguration;
			buildSettings = {
				ALWAYS_SEARCH_USER_PATHS = NO;
				CLANG_ANALYZER_NONNULL = YES;
				CLANG_ANALYZER_NUMBER_OBJECT_CONVERSION = YES_AGGRESSIVE;
				CLANG_CXX_LANGUAGE_STANDARD = "gnu++14";
				CLANG_CXX_LIBRARY = "libc++";
				CLANG_ENABLE_MODULES = YES;
				CLANG_ENABLE_OBJC_ARC = YES;
				CLANG_ENABLE_OBJC_WEAK = YES;
				CLANG_WARN_BLOCK_CAPTURE_AUTORELEASING = YES;
				CLANG_WARN_BOOL_CONVERSION = YES;
				CLANG_WARN_COMMA = YES;
				CLANG_WARN_CONSTANT_CONVERSION = YES;
				CLANG_WARN_DEPRECATED_OBJC_IMPLEMENTATIONS = YES;
				CLANG_WARN_DIRECT_OBJC_ISA_USAGE = YES_ERROR;
				CLANG_WARN_DOCUMENTATION_COMMENTS = YES;
				CLANG_WARN_EMPTY_BODY = YES;
				CLANG_WARN_ENUM_CONVERSION = YES;
				CLANG_WARN_INFINITE_RECURSION = YES;
				CLANG_WARN_INT_CONVERSION = YES;
				CLANG_WARN_NON_LITERAL_NULL_CONVERSION = YES;
				CLANG_WARN_OBJC_IMPLICIT_RETAIN_SELF = YES;
				CLANG_WARN_OBJC_LITERAL_CONVERSION = YES;
				CLANG_WARN_OBJC_ROOT_CLASS = YES_ERROR;
				CLANG_WARN_QUOTED_INCLUDE_IN_FRAMEWORK_HEADER = YES;
				CLANG_WARN_RANGE_LOOP_ANALYSIS = YES;
				CLANG_WARN_STRICT_PROTOTYPES = YES;
				CLANG_WARN_SUSPICIOUS_MOVE = YES;
				CLANG_WARN_UNGUARDED_AVAILABILITY = YES_AGGRESSIVE;
				CLANG_WARN_UNREACHABLE_CODE = YES;
				CLANG_WARN__DUPLICATE_METHOD_MATCH = YES;
				COPY_PHASE_STRIP = NO;
				DEBUG_INFORMATION_FORMAT = dwarf;
				ENABLE_STRICT_OBJC_MSGSEND = YES;
				ENABLE_TESTABILITY = YES;
				GCC_C_LANGUAGE_STANDARD = gnu11;
				GCC_DYNAMIC_NO_PIC = NO;
				GCC_NO_COMMON_BLOCKS = YES;
				GCC_OPTIMIZATION_LEVEL = 0;
				GCC_PREPROCESSOR_DEFINITIONS = (
					"DEBUG=1",
					"$(inherited)",
				);
				GCC_WARN_64_TO_32_BIT_CONVERSION = YES;
				GCC_WARN_ABOUT_RETURN_TYPE = YES_ERROR;
				GCC_WARN_UNDECLARED_SELECTOR = YES;
				GCC_WARN_UNINITIALIZED_AUTOS = YES_AGGRESSIVE;
				GCC_WARN_UNUSED_FUNCTION = YES;
				GCC_WARN_UNUSED_VARIABLE = YES;
				IPHONEOS_DEPLOYMENT_TARGET = 14.1;
				MTL_ENABLE_DEBUG_INFO = INCLUDE_SOURCE;
				MTL_FAST_MATH = YES;
				ONLY_ACTIVE_ARCH = YES;
				SDKROOT = iphoneos;
				SWIFT_ACTIVE_COMPILATION_CONDITIONS = DEBUG;
				SWIFT_OPTIMIZATION_LEVEL = "-Onone";
			};
			name = Debug;
		};
		A4DC2F01254D93B700F23FB4 /* Release */ = {
			isa = XCBuildConfiguration;
			buildSettings = {
				ALWAYS_SEARCH_USER_PATHS = NO;
				CLANG_ANALYZER_NONNULL = YES;
				CLANG_ANALYZER_NUMBER_OBJECT_CONVERSION = YES_AGGRESSIVE;
				CLANG_CXX_LANGUAGE_STANDARD = "gnu++14";
				CLANG_CXX_LIBRARY = "libc++";
				CLANG_ENABLE_MODULES = YES;
				CLANG_ENABLE_OBJC_ARC = YES;
				CLANG_ENABLE_OBJC_WEAK = YES;
				CLANG_WARN_BLOCK_CAPTURE_AUTORELEASING = YES;
				CLANG_WARN_BOOL_CONVERSION = YES;
				CLANG_WARN_COMMA = YES;
				CLANG_WARN_CONSTANT_CONVERSION = YES;
				CLANG_WARN_DEPRECATED_OBJC_IMPLEMENTATIONS = YES;
				CLANG_WARN_DIRECT_OBJC_ISA_USAGE = YES_ERROR;
				CLANG_WARN_DOCUMENTATION_COMMENTS = YES;
				CLANG_WARN_EMPTY_BODY = YES;
				CLANG_WARN_ENUM_CONVERSION = YES;
				CLANG_WARN_INFINITE_RECURSION = YES;
				CLANG_WARN_INT_CONVERSION = YES;
				CLANG_WARN_NON_LITERAL_NULL_CONVERSION = YES;
				CLANG_WARN_OBJC_IMPLICIT_RETAIN_SELF = YES;
				CLANG_WARN_OBJC_LITERAL_CONVERSION = YES;
				CLANG_WARN_OBJC_ROOT_CLASS = YES_ERROR;
				CLANG_WARN_QUOTED_INCLUDE_IN_FRAMEWORK_HEADER = YES;
				CLANG_WARN_RANGE_LOOP_ANALYSIS = YES;
				CLANG_WARN_STRICT_PROTOTYPES = YES;
				CLANG_WARN_SUSPICIOUS_MOVE = YES;
				CLANG_WARN_UNGUARDED_AVAILABILITY = YES_AGGRESSIVE;
				CLANG_WARN_UNREACHABLE_CODE = YES;
				CLANG_WARN__DUPLICATE_METHOD_MATCH = YES;
				COPY_PHASE_STRIP = NO;
				DEBUG_INFORMATION_FORMAT = "dwarf-with-dsym";
				ENABLE_NS_ASSERTIONS = NO;
				ENABLE_STRICT_OBJC_MSGSEND = YES;
				GCC_C_LANGUAGE_STANDARD = gnu11;
				GCC_NO_COMMON_BLOCKS = YES;
				GCC_WARN_64_TO_32_BIT_CONVERSION = YES;
				GCC_WARN_ABOUT_RETURN_TYPE = YES_ERROR;
				GCC_WARN_UNDECLARED_SELECTOR = YES;
				GCC_WARN_UNINITIALIZED_AUTOS = YES_AGGRESSIVE;
				GCC_WARN_UNUSED_FUNCTION = YES;
				GCC_WARN_UNUSED_VARIABLE = YES;
				IPHONEOS_DEPLOYMENT_TARGET = 14.1;
				MTL_ENABLE_DEBUG_INFO = NO;
				MTL_FAST_MATH = YES;
				SDKROOT = iphoneos;
				SWIFT_COMPILATION_MODE = wholemodule;
				SWIFT_OPTIMIZATION_LEVEL = "-O";
				VALIDATE_PRODUCT = YES;
			};
			name = Release;
		};
		A4DC2F03254D93B700F23FB4 /* Debug */ = {
			isa = XCBuildConfiguration;
			buildSettings = {
				ASSETCATALOG_COMPILER_APPICON_NAME = AppIcon;
				ASSETCATALOG_COMPILER_GLOBAL_ACCENT_COLOR_NAME = AccentColor;
				CODE_SIGN_STYLE = Automatic;
				DEVELOPMENT_TEAM = R3R9W3ZDBN;
				INFOPLIST_FILE = LittlePink/Info.plist;
				LD_RUNPATH_SEARCH_PATHS = (
					"$(inherited)",
					"@executable_path/Frameworks",
				);
				PRODUCT_BUNDLE_IDENTIFIER = com.rongcosme.LittlePink;
				PRODUCT_NAME = "$(TARGET_NAME)";
				SWIFT_VERSION = 5.0;
				TARGETED_DEVICE_FAMILY = "1,2";
			};
			name = Debug;
		};
		A4DC2F04254D93B700F23FB4 /* Release */ = {
			isa = XCBuildConfiguration;
			buildSettings = {
				ASSETCATALOG_COMPILER_APPICON_NAME = AppIcon;
				ASSETCATALOG_COMPILER_GLOBAL_ACCENT_COLOR_NAME = AccentColor;
				CODE_SIGN_STYLE = Automatic;
				DEVELOPMENT_TEAM = R3R9W3ZDBN;
				INFOPLIST_FILE = LittlePink/Info.plist;
				LD_RUNPATH_SEARCH_PATHS = (
					"$(inherited)",
					"@executable_path/Frameworks",
				);
				PRODUCT_BUNDLE_IDENTIFIER = com.rongcosme.LittlePink;
				PRODUCT_NAME = "$(TARGET_NAME)";
				SWIFT_VERSION = 5.0;
				TARGETED_DEVICE_FAMILY = "1,2";
			};
			name = Release;
		};
/* End XCBuildConfiguration section */

/* Begin XCConfigurationList section */
		A4DC2EE6254D93B700F23FB4 /* Build configuration list for PBXProject "LittlePink" */ = {
			isa = XCConfigurationList;
			buildConfigurations = (
				A4DC2F00254D93B700F23FB4 /* Debug */,
				A4DC2F01254D93B700F23FB4 /* Release */,
			);
			defaultConfigurationIsVisible = 0;
			defaultConfigurationName = Release;
		};
		A4DC2F02254D93B700F23FB4 /* Build configuration list for PBXNativeTarget "LittlePink" */ = {
			isa = XCConfigurationList;
			buildConfigurations = (
				A4DC2F03254D93B700F23FB4 /* Debug */,
				A4DC2F04254D93B700F23FB4 /* Release */,
			);
			defaultConfigurationIsVisible = 0;
			defaultConfigurationName = Release;
		};
/* End XCConfigurationList section */

/* Begin XCVersionGroup section */
		A4DC2EF7254D93B700F23FB4 /* LittlePink.xcdatamodeld */ = {
			isa = XCVersionGroup;
			children = (
				A4DC2EF8254D93B700F23FB4 /* LittlePink.xcdatamodel */,
			);
			currentVersion = A4DC2EF8254D93B700F23FB4 /* LittlePink.xcdatamodel */;
			path = LittlePink.xcdatamodeld;
			sourceTree = "<group>";
			versionGroupType = wrapper.xcdatamodel;
		};
/* End XCVersionGroup section */
	};
	rootObject = A4DC2EE3254D93B700F23FB4 /* Project object */;
}
